// !$*UTF8*$!
{
	archiveVersion = 1;
	classes = {
	};
	objectVersion = 46;
	objects = {

/* Begin PBXBuildFile section */
		75DF88CA1F541E5E00D53D4D /* main.m in Sources */ = {isa = PBXBuildFile; fileRef = 75DF88C91F541E5E00D53D4D /* main.m */; };
		75DF88D21F54625600D53D4D /* MyMath.m in Sources */ = {isa = PBXBuildFile; fileRef = 75DF88D11F54625600D53D4D /* MyMath.m */; };
		75DF88D51F5468BC00D53D4D /* MyRect.m in Sources */ = {isa = PBXBuildFile; fileRef = 75DF88D41F5468BC00D53D4D /* MyRect.m */; };
/* End PBXBuildFile section */

/* Begin PBXCopyFilesBuildPhase section */
		75DF88C41F541E5E00D53D4D /* CopyFiles */ = {
			isa = PBXCopyFilesBuildPhase;
			buildActionMask = 2147483647;
			dstPath = /usr/share/man/man1/;
			dstSubfolderSpec = 0;
			files = (
			);
			runOnlyForDeploymentPostprocessing = 1;
		};
/* End PBXCopyFilesBuildPhase section */

/* Begin PBXFileReference section */
		75DF88C61F541E5E00D53D4D /* ProjectObjectC14 */ = {isa = PBXFileReference; explicitFileType = "compiled.mach-o.executable"; includeInIndex = 0; path = ProjectObjectC14; sourceTree = BUILT_PRODUCTS_DIR; };
		75DF88C91F541E5E00D53D4D /* main.m */ = {isa = PBXFileReference; lastKnownFileType = sourcecode.c.objc; path = main.m; sourceTree = "<group>"; };
		75DF88D01F54625600D53D4D /* MyMath.h */ = {isa = PBXFileReference; fileEncoding = 4; lastKnownFileType = sourcecode.c.h; path = MyMath.h; sourceTree = "<group>"; };
		75DF88D11F54625600D53D4D /* MyMath.m */ = {isa = PBXFileReference; fileEncoding = 4; lastKnownFileType = sourcecode.c.objc; path = MyMath.m; sourceTree = "<group>"; };
		75DF88D31F5468BC00D53D4D /* MyRect.h */ = {isa = PBXFileReference; fileEncoding = 4; lastKnownFileType = sourcecode.c.h; path = MyRect.h; sourceTree = "<group>"; };
		75DF88D41F5468BC00D53D4D /* MyRect.m */ = {isa = PBXFileReference; fileEncoding = 4; lastKnownFileType = sourcecode.c.objc; path = MyRect.m; sourceTree = "<group>"; };
/* End PBXFileReference section */

/* Begin PBXFrameworksBuildPhase section */
		75DF88C31F541E5E00D53D4D /* Frameworks */ = {
			isa = PBXFrameworksBuildPhase;
			buildActionMask = 2147483647;
			files = (
			);
			runOnlyForDeploymentPostprocessing = 0;
		};
/* End PBXFrameworksBuildPhase section */

/* Begin PBXGroup section */
		75DF88BD1F541E5E00D53D4D = {
			isa = PBXGroup;
			children = (
				75DF88C81F541E5E00D53D4D /* ProjectObjectC14 */,
				75DF88C71F541E5E00D53D4D /* Products */,
			);
			sourceTree = "<group>";
		};
		75DF88C71F541E5E00D53D4D /* Products */ = {
			isa = PBXGroup;
			children = (
				75DF88C61F541E5E00D53D4D /* ProjectObjectC14 */,
			);
			name = Products;
			sourceTree = "<group>";
		};
		75DF88C81F541E5E00D53D4D /* ProjectObjectC14 */ = {
			isa = PBXGroup;
			children = (
				75DF88C91F541E5E00D53D4D /* main.m */,
				75DF88D01F54625600D53D4D /* MyMath.h */,
				75DF88D11F54625600D53D4D /* MyMath.m */,
				75DF88D31F5468BC00D53D4D /* MyRect.h */,
				75DF88D41F5468BC00D53D4D /* MyRect.m */,
			);
			path = ProjectObjectC14;
			sourceTree = "<group>";
		};
/* End PBXGroup section */

/* Begin PBXNativeTarget section */
		75DF88C51F541E5E00D53D4D /* ProjectObjectC14 */ = {
			isa = PBXNativeTarget;
			buildConfigurationList = 75DF88CD1F541E5E00D53D4D /* Build configuration list for PBXNativeTarget "ProjectObjectC14" */;
			buildPhases = (
				75DF88C21F541E5E00D53D4D /* Sources */,
				75DF88C31F541E5E00D53D4D /* Frameworks */,
				75DF88C41F541E5E00D53D4D /* CopyFiles */,
			);
			buildRules = (
			);
			dependencies = (
			);
			name = ProjectObjectC14;
			productName = ProjectObjectC14;
			productReference = 75DF88C61F541E5E00D53D4D /* ProjectObjectC14 */;
			productType = "com.apple.product-type.tool";
		};
/* End PBXNativeTarget section */

/* Begin PBXProject section */
		75DF88BE1F541E5E00D53D4D /* Project object */ = {
			isa = PBXProject;
			attributes = {
				LastUpgradeCheck = 0730;
				ORGANIZATIONNAME = lingdian;
				TargetAttributes = {
					75DF88C51F541E5E00D53D4D = {
						CreatedOnToolsVersion = 7.3.1;
					};
				};
			};
			buildConfigurationList = 75DF88C11F541E5E00D53D4D /* Build configuration list for PBXProject "ProjectObjectC14" */;
			compatibilityVersion = "Xcode 3.2";
			developmentRegion = English;
			hasScannedForEncodings = 0;
			knownRegions = (
				en,
			);
			mainGroup = 75DF88BD1F541E5E00D53D4D;
			productRefGroup = 75DF88C71F541E5E00D53D4D /* Products */;
			projectDirPath = "";
			projectRoot = "";
			targets = (
				75DF88C51F541E5E00D53D4D /* ProjectObjectC14 */,
			);
		};
/* End PBXProject section */

/* Begin PBXSourcesBuildPhase section */
		75DF88C21F541E5E00D53D4D /* Sources */ = {
			isa = PBXSourcesBuildPhase;
			buildActionMask = 2147483647;
			files = (
				75DF88D51F5468BC00D53D4D /* MyRect.m in Sources */,
				75DF88CA1F541E5E00D53D4D /* main.m in Sources */,
				75DF88D21F54625600D53D4D /* MyMath.m in Sources */,
			);
			runOnlyForDeploymentPostprocessing = 0;
		};
/* End PBXSourcesBuildPhase section */

/* Begin XCBuildConfiguration section */
		75DF88CB1F541E5E00D53D4D /* Debug */ = {
			isa = XCBuildConfiguration;
			buildSettings = {
				ALWAYS_SEARCH_USER_PATHS = NO;
				CLANG_ANALYZER_NONNULL = YES;
				CLANG_CXX_LANGUAGE_STANDARD = "gnu++0x";
				CLANG_CXX_LIBRARY = "libc++";
				CLANG_ENABLE_MODULES = YES;
				CLANG_ENABLE_OBJC_ARC = YES;
				CLANG_WARN_BOOL_CONVERSION = YES;
				CLANG_WARN_CONSTANT_CONVERSION = YES;
				CLANG_WARN_DIRECT_OBJC_ISA_USAGE = YES_ERROR;
				CLANG_WARN_EMPTY_BODY = YES;
				CLANG_WARN_ENUM_CONVERSION = YES;
				CLANG_WARN_INT_CONVERSION = YES;
				CLANG_WARN_OBJC_ROOT_CLASS = YES_ERROR;
				CLANG_WARN_UNREACHABLE_CODE = YES;
				CLANG_WARN__DUPLICATE_METHOD_MATCH = YES;
				CODE_SIGN_IDENTITY = "-";
				COPY_PHASE_STRIP = NO;
				DEBUG_INFORMATION_FORMAT = dwarf;
				ENABLE_STRICT_OBJC_MSGSEND = YES;
				ENABLE_TESTABILITY = YES;
				GCC_C_LANGUAGE_STANDARD = gnu99;
				GCC_DYNAMIC_NO_PIC = NO;
				GCC_NO_COMMON_BLOCKS = YES;
				GCC_OPTIMIZATION_LEVEL = 0;
				GCC_PREPROCESSOR_DEFINITIONS = (
					"DEBUG=1",
					"$(inherited)",
				);
				GCC_WARN_64_TO_32_BIT_CONVERSION = YES;
				GCC_WARN_ABOUT_RETURN_TYPE = YES_ERROR;
				GCC_WARN_UNDECLARED_SELECTOR = YES;
				GCC_WARN_UNINITIALIZED_AUTOS = YES_AGGRESSIVE;
				GCC_WARN_UNUSED_FUNCTION = YES;
				GCC_WARN_UNUSED_VARIABLE = YES;
				MACOSX_DEPLOYMENT_TARGET = 10.11;
				MTL_ENABLE_DEBUG_INFO = YES;
				ONLY_ACTIVE_ARCH = YES;
				SDKROOT = macosx;
			};
			name = Debug;
		};
		75DF88CC1F541E5E00D53D4D /* Release */ = {
			isa = XCBuildConfiguration;
			buildSettings = {
				ALWAYS_SEARCH_USER_PATHS = NO;
				CLANG_ANALYZER_NONNULL = YES;
				CLANG_CXX_LANGUAGE_STANDARD = "gnu++0x";
				CLANG_CXX_LIBRARY = "libc++";
				CLANG_ENABLE_MODULES = YES;
				CLANG_ENABLE_OBJC_ARC = YES;
				CLANG_WARN_BOOL_CONVERSION = YES;
				CLANG_WARN_CONSTANT_CONVERSION = YES;
				CLANG_WARN_DIRECT_OBJC_ISA_USAGE = YES_ERROR;
				CLANG_WARN_EMPTY_BODY = YES;
				CLANG_WARN_ENUM_CONVERSION = YES;
				CLANG_WARN_INT_CONVERSION = YES;
				CLANG_WARN_OBJC_ROOT_CLASS = YES_ERROR;
				CLANG_WARN_UNREACHABLE_CODE = YES;
				CLANG_WARN__DUPLICATE_METHOD_MATCH = YES;
				CODE_SIGN_IDENTITY = "-";
				COPY_PHASE_STRIP = NO;
				DEBUG_INFORMATION_FORMAT = "dwarf-with-dsym";
				ENABLE_NS_ASSERTIONS = NO;
				ENABLE_STRICT_OBJC_MSGSEND = YES;
				GCC_C_LANGUAGE_STANDARD = gnu99;
				GCC_NO_COMMON_BLOCKS = YES;
				GCC_WARN_64_TO_32_BIT_CONVERSION = YES;
				GCC_WARN_ABOUT_RETURN_TYPE = YES_ERROR;
				GCC_WARN_UNDECLARED_SELECTOR = YES;
				GCC_WARN_UNINITIALIZED_AUTOS = YES_AGGRESSIVE;
				GCC_WARN_UNUSED_FUNCTION = YES;
				GCC_WARN_UNUSED_VARIABLE = YES;
				MACOSX_DEPLOYMENT_TARGET = 10.11;
				MTL_ENABLE_DEBUG_INFO = NO;
				SDKROOT = macosx;
			};
			name = Release;
		};
		75DF88CE1F541E5E00D53D4D /* Debug */ = {
			isa = XCBuildConfiguration;
			buildSettings = {
				PRODUCT_NAME = "$(TARGET_NAME)";
			};
			name = Debug;
		};
		75DF88CF1F541E5E00D53D4D /* Release */ = {
			isa = XCBuildConfiguration;
			buildSettings = {
				PRODUCT_NAME = "$(TARGET_NAME)";
			};
			name = Release;
		};
/* End XCBuildConfiguration section */

/* Begin XCConfigurationList section */
		75DF88C11F541E5E00D53D4D /* Build configuration list for PBXProject "ProjectObjectC14" */ = {
			isa = XCConfigurationList;
			buildConfigurations = (
				75DF88CB1F541E5E00D53D4D /* Debug */,
				75DF88CC1F541E5E00D53D4D /* Release */,
			);
			defaultConfigurationIsVisible = 0;
			defaultConfigurationName = Release;
		};
		75DF88CD1F541E5E00D53D4D /* Build configuration list for PBXNativeTarget "ProjectObjectC14" */ = {
			isa = XCConfigurationList;
			buildConfigurations = (
				75DF88CE1F541E5E00D53D4D /* Debug */,
				75DF88CF1F541E5E00D53D4D /* Release */,
			);
			defaultConfigurationIsVisible = 0;
		};
/* End XCConfigurationList section */
	};
	rootObject = 75DF88BE1F541E5E00D53D4D /* Project object */;
}
